{
  "name": "production_api",
  "lockfileVersion": 3,
  "requires": true,
  "packages": {
    "": {
      "dependencies": {
        "@arcjet/inspect": "^1.0.0-beta.14",
        "@arcjet/node": "^1.0.0-beta.14"
      }
    },
    "node_modules/@arcjet/analyze": {
      "version": "1.0.0-beta.14",
      "resolved": "https://registry.npmjs.org/@arcjet/analyze/-/analyze-1.0.0-beta.14.tgz",
      "integrity": "sha512-ptpiQA43IVAwVIz0TFPJKLCVpiocEK0Cp3dfy+/6hsTiFOl/tQ914DWCTsBagMwhjTzuP+Gf4bqcrHeJvwU1Lw==",
      "license": "Apache-2.0",
      "dependencies": {
        "@arcjet/analyze-wasm": "1.0.0-beta.14",
        "@arcjet/protocol": "1.0.0-beta.14"
      },
      "engines": {
        "node": ">=20"
      }
    },
    "node_modules/@arcjet/analyze-wasm": {
      "version": "1.0.0-beta.14",
      "resolved": "https://registry.npmjs.org/@arcjet/analyze-wasm/-/analyze-wasm-1.0.0-beta.14.tgz",
      "integrity": "sha512-irp9TutkyS2JzoPmBh1rlzi7rIRi17BWBatlfbTknwxBGcFoM06VWfGQranZFuO93YSsZgg7/UIwDhnu1Jkg9Q==",
      "license": "Apache-2.0",
      "engines": {
        "node": ">=20"
      }
    },
    "node_modules/@arcjet/body": {
      "version": "1.0.0-beta.14",
      "resolved": "https://registry.npmjs.org/@arcjet/body/-/body-1.0.0-beta.14.tgz",
      "integrity": "sha512-B/HCjz15keblgnZWJEN9ojqVFCRRLPZRvyJcVBGJo0+40ISH1khRQ5jLC/uQJMIlj6kfKeMgXfMQoQfEEBmyGw==",
      "license": "Apache-2.0",
      "engines": {
        "node": ">=20"
      }
    },
    "node_modules/@arcjet/cache": {
      "version": "1.0.0-beta.14",
      "resolved": "https://registry.npmjs.org/@arcjet/cache/-/cache-1.0.0-beta.14.tgz",
      "integrity": "sha512-sOZHzrbcRv86btYfqPYdFShz14DWBggV76PPOOuV+wEqpYGt0qY/L/b7Hj1/9GnfNgksVXIxOVQZmQifNt/dQA==",
      "license": "Apache-2.0",
      "engines": {
        "node": ">=20"
      }
    },
    "node_modules/@arcjet/duration": {
      "version": "1.0.0-beta.14",
      "resolved": "https://registry.npmjs.org/@arcjet/duration/-/duration-1.0.0-beta.14.tgz",
      "integrity": "sha512-AIg0Iv2Z0KXzd5RTgk9VMUkIPWILu8/c/3bl6AuhR6upViyksBEDvGTRP8hdus2mUwWDpUO7EuK7caM3iOEtOw==",
      "license": "Apache-2.0",
      "engines": {
        "node": ">=20"
      }
    },
    "node_modules/@arcjet/env": {
      "version": "1.0.0-beta.14",
      "resolved": "https://registry.npmjs.org/@arcjet/env/-/env-1.0.0-beta.14.tgz",
      "integrity": "sha512-6lridHbdLNpY4AK++zP5JsMHRXHp6M6k82EqK8JYNPZq+CX1/T+j5Rr1gsL3KnnKgIe4FuIJJTIHYQSV27k1Sg==",
      "license": "Apache-2.0",
      "engines": {
        "node": ">=20"
      }
    },
    "node_modules/@arcjet/headers": {
      "version": "1.0.0-beta.14",
      "resolved": "https://registry.npmjs.org/@arcjet/headers/-/headers-1.0.0-beta.14.tgz",
      "integrity": "sha512-+C2qOWTfa1CqNGbiXVET2TXIr7TJousdMUw2e6YLpJZn+cy13daCmJRMI6U0UxcfvEur8Br8+VJNcfTPONl1Vw==",
      "license": "Apache-2.0",
      "engines": {
        "node": ">=20"
      }
    },
    "node_modules/@arcjet/inspect": {
      "version": "1.0.0-beta.14",
      "resolved": "https://registry.npmjs.org/@arcjet/inspect/-/inspect-1.0.0-beta.14.tgz",
      "integrity": "sha512-Mdid5Aj0Zni6u9h0PV6dOfd/1HAHiJICu+pTY3ozlWtScMW0rxYDStyZFbLoo6cvt6T/NjEAv8OBFtrn0ZHv2w==",
      "license": "Apache-2.0",
      "dependencies": {
        "@arcjet/protocol": "1.0.0-beta.14"
      },
      "engines": {
        "node": ">=20"
      }
    },
    "node_modules/@arcjet/ip": {
      "version": "1.0.0-beta.14",
      "resolved": "https://registry.npmjs.org/@arcjet/ip/-/ip-1.0.0-beta.14.tgz",
      "integrity": "sha512-8XvqiNF2wcK6DfSDB8u9qGYh8oyXPKWspJcTQWy2USAXFj0vrfUW8NIxNkATU0e88Y8tN/WhhFZvhkRFzB60EQ==",
      "license": "Apache-2.0",
      "engines": {
        "node": ">=20"
      }
    },
    "node_modules/@arcjet/logger": {
      "version": "1.0.0-beta.14",
      "resolved": "https://registry.npmjs.org/@arcjet/logger/-/logger-1.0.0-beta.14.tgz",
      "integrity": "sha512-RZWU9SLibiWLIcckGFjkmt71fwBGLampZvpgOw0cdXOhNbJbASkgvkxcBvKHgNU0SU6/Fqv46TKCdfesPibk9w==",
      "license": "Apache-2.0",
      "dependencies": {
        "@arcjet/sprintf": "1.0.0-beta.14"
      },
      "engines": {
        "node": ">=20"
      }
    },
    "node_modules/@arcjet/node": {
      "version": "1.0.0-beta.14",
      "resolved": "https://registry.npmjs.org/@arcjet/node/-/node-1.0.0-beta.14.tgz",
      "integrity": "sha512-5/osaMLOAUqGE7fojE8NbqjC5kM2L8aROVAYNc3f9FBaiDHcci2YHx+3gSYCFclkXQNqQEbRR+WyG3BAu2uCKA==",
      "license": "Apache-2.0",
      "dependencies": {
        "@arcjet/body": "1.0.0-beta.14",
        "@arcjet/env": "1.0.0-beta.14",
        "@arcjet/headers": "1.0.0-beta.14",
        "@arcjet/ip": "1.0.0-beta.14",
        "@arcjet/logger": "1.0.0-beta.14",
        "@arcjet/protocol": "1.0.0-beta.14",
        "@arcjet/transport": "1.0.0-beta.14",
        "arcjet": "1.0.0-beta.14"
      },
      "engines": {
        "node": ">=20"
      }
    },
    "node_modules/@arcjet/protocol": {
      "version": "1.0.0-beta.14",
      "resolved": "https://registry.npmjs.org/@arcjet/protocol/-/protocol-1.0.0-beta.14.tgz",
      "integrity": "sha512-TzGxpHRZq4zTllzy7a8TlELe7+mGw3crd4vLw4nEz2BUMaIzZ3o1+CiSt7N+Cb+7rGVv8dMmuXBLqkxNgzTIxg==",
      "license": "Apache-2.0",
      "dependencies": {
        "@arcjet/cache": "1.0.0-beta.14",
        "@bufbuild/protobuf": "1.10.1",
        "@connectrpc/connect": "1.6.1",
        "typeid-js": "1.2.0"
      },
      "engines": {
        "node": ">=20"
      }
    },
    "node_modules/@arcjet/runtime": {
      "version": "1.0.0-beta.14",
      "resolved": "https://registry.npmjs.org/@arcjet/runtime/-/runtime-1.0.0-beta.14.tgz",
      "integrity": "sha512-g5e9V2yRoNvEkLEk7XdanIFMOVfRv/pXF9xEUGz3UbJgI2COfgnyLWFCSChVm5LeO9FrnHpEe5ZZDL3j3Rzarg==",
      "license": "Apache-2.0",
      "engines": {
        "node": ">=20"
      }
    },
    "node_modules/@arcjet/sprintf": {
      "version": "1.0.0-beta.14",
      "resolved": "https://registry.npmjs.org/@arcjet/sprintf/-/sprintf-1.0.0-beta.14.tgz",
      "integrity": "sha512-+HI1KRhY8N/RtDjnYXCLRADBh4jwi7VC+g8U0f0Me1f6SzUOMU2+I468AyJrDlhqN9cvO6TtSiQDXl7O6Qrn8g==",
      "license": "Apache-2.0",
      "engines": {
        "node": ">=20"
      }
    },
    "node_modules/@arcjet/stable-hash": {
      "version": "1.0.0-beta.14",
      "resolved": "https://registry.npmjs.org/@arcjet/stable-hash/-/stable-hash-1.0.0-beta.14.tgz",
      "integrity": "sha512-6sKqeP9hgfu/TwZhB5a7FFQ3yFnu8h9GrCkq+k2pIJ040WWunPsjMdZAwCYG9murpBKcN98tLCK23Eo4oDVPPg==",
      "license": "Apache-2.0",
      "engines": {
        "node": ">=20"
      }
    },
    "node_modules/@arcjet/transport": {
      "version": "1.0.0-beta.14",
      "resolved": "https://registry.npmjs.org/@arcjet/transport/-/transport-1.0.0-beta.14.tgz",
      "integrity": "sha512-UJrzohg4qQZf9gXSDPqpKf1A7naN4UbGzNVronk8cYW1OMbY02IbXfafJepo+FdUMt2+ozKUdkdwsRrqp+5LbA==",
      "license": "Apache-2.0",
      "dependencies": {
        "@bufbuild/protobuf": "1.10.1",
        "@connectrpc/connect": "1.6.1",
        "@connectrpc/connect-node": "1.6.1",
        "@connectrpc/connect-web": "1.6.1"
      },
      "engines": {
        "node": ">=20"
      }
    },
    "node_modules/@bufbuild/protobuf": {
      "version": "1.10.1",
      "resolved": "https://registry.npmjs.org/@bufbuild/protobuf/-/protobuf-1.10.1.tgz",
      "integrity": "sha512-wJ8ReQbHxsAfXhrf9ixl0aYbZorRuOWpBNzm8pL8ftmSxQx/wnJD5Eg861NwJU/czy2VXFIebCeZnZrI9rktIQ==",
      "license": "(Apache-2.0 AND BSD-3-Clause)",
      "peer": true
    },
    "node_modules/@connectrpc/connect": {
      "version": "1.6.1",
      "resolved": "https://registry.npmjs.org/@connectrpc/connect/-/connect-1.6.1.tgz",
      "integrity": "sha512-KchMDNtU4CDTdkyf0qG7ugJ6qHTOR/aI7XebYn3OTCNagaDYWiZUVKgRgwH79yeMkpNgvEUaXSK7wKjaBK9b/Q==",
      "license": "Apache-2.0",
      "peer": true,
      "peerDependencies": {
        "@bufbuild/protobuf": "^1.10.0"
      }
    },
    "node_modules/@connectrpc/connect-node": {
      "version": "1.6.1",
      "resolved": "https://registry.npmjs.org/@connectrpc/connect-node/-/connect-node-1.6.1.tgz",
      "integrity": "sha512-DxcD1wsF/aX9GegjAtl7VbpiZNjVJozy87VbaFoN6AF0Ln1Q757r5dgV59Gz0wmlk5f17txUsrEr1f2inlnnAg==",
      "license": "Apache-2.0",
      "dependencies": {
        "undici": "^5.28.4"
      },
      "engines": {
        "node": ">=16.0.0"
      },
      "peerDependencies": {
        "@bufbuild/protobuf": "^1.10.0",
        "@connectrpc/connect": "1.6.1"
      }
    },
    "node_modules/@connectrpc/connect-web": {
      "version": "1.6.1",
      "resolved": "https://registry.npmjs.org/@connectrpc/connect-web/-/connect-web-1.6.1.tgz",
      "integrity": "sha512-GVfxQOmt3TtgTaKeXLS/EA2IHa3nHxwe2BCHT7X0Q/0hohM+nP5DDnIItGEjGrGdt3LTTqWqE4s70N4h+qIMlQ==",
      "license": "Apache-2.0",
      "peerDependencies": {
        "@bufbuild/protobuf": "^1.10.0",
        "@connectrpc/connect": "1.6.1"
      }
    },
    "node_modules/@fastify/busboy": {
      "version": "2.1.1",
      "resolved": "https://registry.npmjs.org/@fastify/busboy/-/busboy-2.1.1.tgz",
      "integrity": "sha512-vBZP4NlzfOlerQTnba4aqZoMhE/a9HY7HRqoOPaETQcSQuWEIyZMHGfVu6w9wGtGK5fED5qRs2DteVCjOH60sA==",
      "license": "MIT",
      "engines": {
        "node": ">=14"
      }
    },
    "node_modules/arcjet": {
      "version": "1.0.0-beta.14",
      "resolved": "https://registry.npmjs.org/arcjet/-/arcjet-1.0.0-beta.14.tgz",
      "integrity": "sha512-EeD3HBqHZNm4tCUcL0bpfEVQy8solcO/QZgjYZZEfs2a59x1XO8gixyGGt3xiI5bDsRdRKYa24hS7Pv8Hx0+8A==",
      "license": "Apache-2.0",
      "dependencies": {
        "@arcjet/analyze": "1.0.0-beta.14",
        "@arcjet/cache": "1.0.0-beta.14",
        "@arcjet/duration": "1.0.0-beta.14",
        "@arcjet/headers": "1.0.0-beta.14",
        "@arcjet/protocol": "1.0.0-beta.14",
        "@arcjet/runtime": "1.0.0-beta.14",
        "@arcjet/stable-hash": "1.0.0-beta.14"
      },
      "engines": {
        "node": ">=20"
      }
    },
    "node_modules/typeid-js": {
      "version": "1.2.0",
      "resolved": "https://registry.npmjs.org/typeid-js/-/typeid-js-1.2.0.tgz",
      "integrity": "sha512-t76ZucAnvGC60ea/HjVsB0TSoB0cw9yjnfurUgtInXQWUI/VcrlZGpO23KN3iSe8yOGUgb1zr7W7uEzJ3hSljA==",
      "license": "Apache-2.0",
      "dependencies": {
        "uuid": "^10.0.0"
      }
    },
    "node_modules/undici": {
      "version": "5.29.0",
      "resolved": "https://registry.npmjs.org/undici/-/undici-5.29.0.tgz",
      "integrity": "sha512-raqeBD6NQK4SkWhQzeYKd1KmIG6dllBOTt55Rmkt4HtI9mwdWtJljnrXjAFUBLTSN67HWrOIZ3EPF4kjUw80Bg==",
      "license": "MIT",
      "dependencies": {
        "@fastify/busboy": "^2.0.0"
      },
      "engines": {
        "node": ">=14.0"
      }
    },
    "node_modules/uuid": {
      "version": "10.0.0",
      "resolved": "https://registry.npmjs.org/uuid/-/uuid-10.0.0.tgz",
      "integrity": "sha512-8XkAphELsDnEGrDxUOHB3RGvXz6TeuYSGEZBOjtTtPm2lwhGBjLgOzLHB63IUWfBpNucQjND6d3AOudO+H3RWQ==",
      "funding": [
        "https://github.com/sponsors/broofa",
        "https://github.com/sponsors/ctavan"
      ],
      "license": "MIT",
      "bin": {
        "uuid": "dist/bin/uuid"
      }
    }
  }
}
